// !$*UTF8*$!
{
	archiveVersion = 1;
	classes = {
	};
	objectVersion = 55;
	objects = {

/* Begin PBXBuildFile section */
		7B97709B277C35F6005DD088 /* PublishingObservableChanges.swift in Sources */ = {isa = PBXBuildFile; fileRef = 7B97709A277C35F5005DD088 /* PublishingObservableChanges.swift */; };
		7B97709D277C3DFD005DD088 /* ImageInterpolationView.swift in Sources */ = {isa = PBXBuildFile; fileRef = 7B97709C277C3DFD005DD088 /* ImageInterpolationView.swift */; };
		7B9BFF1D2775638E00EA9731 /* HotProspectsApp.swift in Sources */ = {isa = PBXBuildFile; fileRef = 7B9BFF1C2775638E00EA9731 /* HotProspectsApp.swift */; };
		7B9BFF1F2775638E00EA9731 /* ContentView.swift in Sources */ = {isa = PBXBuildFile; fileRef = 7B9BFF1E2775638E00EA9731 /* ContentView.swift */; };
		7B9BFF212775638F00EA9731 /* Assets.xcassets in Resources */ = {isa = PBXBuildFile; fileRef = 7B9BFF202775638F00EA9731 /* Assets.xcassets */; };
		7B9BFF242775638F00EA9731 /* Preview Assets.xcassets in Resources */ = {isa = PBXBuildFile; fileRef = 7B9BFF232775638F00EA9731 /* Preview Assets.xcassets */; };
		7BB27379277AA1BF00ED738F /* EnvironmentObjectView.swift in Sources */ = {isa = PBXBuildFile; fileRef = 7BB27378277AA1BF00ED738F /* EnvironmentObjectView.swift */; };
		7BB2737C277AA45600ED738F /* TabItemView.swift in Sources */ = {isa = PBXBuildFile; fileRef = 7BB2737B277AA45600ED738F /* TabItemView.swift */; };
		7BB2A94F2782997D005C0BAB /* ResultTypeView.swift in Sources */ = {isa = PBXBuildFile; fileRef = 7BB2A94E2782997D005C0BAB /* ResultTypeView.swift */; };
		7BB2A95127829FF9005C0BAB /* SwipeActionsView.swift in Sources */ = {isa = PBXBuildFile; fileRef = 7BB2A95027829FF9005C0BAB /* SwipeActionsView.swift */; };
		7BB99DBA277D445D00DA02A5 /* ContextMenuView.swift in Sources */ = {isa = PBXBuildFile; fileRef = 7BB99DB9277D445D00DA02A5 /* ContextMenuView.swift */; };
		7BB99DBC277D45EC00DA02A5 /* NotifView.swift in Sources */ = {isa = PBXBuildFile; fileRef = 7BB99DBB277D45EC00DA02A5 /* NotifView.swift */; };
		7BB99DBF277D4BD600DA02A5 /* SamplePackage in Frameworks */ = {isa = PBXBuildFile; productRef = 7BB99DBE277D4BD600DA02A5 /* SamplePackage */; };
		7BB99DC1277D4C0F00DA02A5 /* SPMView.swift in Sources */ = {isa = PBXBuildFile; fileRef = 7BB99DC0277D4C0F00DA02A5 /* SPMView.swift */; };
		7BB99DC3277D4D5200DA02A5 /* ProspectsView.swift in Sources */ = {isa = PBXBuildFile; fileRef = 7BB99DC2277D4D5200DA02A5 /* ProspectsView.swift */; };
		7BB99DC5277D4D5D00DA02A5 /* MeView.swift in Sources */ = {isa = PBXBuildFile; fileRef = 7BB99DC4277D4D5D00DA02A5 /* MeView.swift */; };
		7BB99DC7277D506800DA02A5 /* Prospect.swift in Sources */ = {isa = PBXBuildFile; fileRef = 7BB99DC6277D506800DA02A5 /* Prospect.swift */; };
		7BB99DCB277D5C7D00DA02A5 /* CodeScanner in Frameworks */ = {isa = PBXBuildFile; productRef = 7BB99DCA277D5C7D00DA02A5 /* CodeScanner */; };
		7BC3DF1D27868C7B004E42D7 /* ImageSaver.swift in Sources */ = {isa = PBXBuildFile; fileRef = 7BC3DF1C27868C7B004E42D7 /* ImageSaver.swift */; };
/* End PBXBuildFile section */

/* Begin PBXFileReference section */
		7B97709A277C35F5005DD088 /* PublishingObservableChanges.swift */ = {isa = PBXFileReference; lastKnownFileType = sourcecode.swift; path = PublishingObservableChanges.swift; sourceTree = "<group>"; };
		7B97709C277C3DFD005DD088 /* ImageInterpolationView.swift */ = {isa = PBXFileReference; lastKnownFileType = sourcecode.swift; path = ImageInterpolationView.swift; sourceTree = "<group>"; };
		7B9BFF192775638E00EA9731 /* HotProspects.app */ = {isa = PBXFileReference; explicitFileType = wrapper.application; includeInIndex = 0; path = HotProspects.app; sourceTree = BUILT_PRODUCTS_DIR; };
		7B9BFF1C2775638E00EA9731 /* HotProspectsApp.swift */ = {isa = PBXFileReference; lastKnownFileType = sourcecode.swift; path = HotProspectsApp.swift; sourceTree = "<group>"; };
		7B9BFF1E2775638E00EA9731 /* ContentView.swift */ = {isa = PBXFileReference; lastKnownFileType = sourcecode.swift; path = ContentView.swift; sourceTree = "<group>"; };
		7B9BFF202775638F00EA9731 /* Assets.xcassets */ = {isa = PBXFileReference; lastKnownFileType = folder.assetcatalog; path = Assets.xcassets; sourceTree = "<group>"; };
		7B9BFF232775638F00EA9731 /* Preview Assets.xcassets */ = {isa = PBXFileReference; lastKnownFileType = folder.assetcatalog; path = "Preview Assets.xcassets"; sourceTree = "<group>"; };
		7BB27378277AA1BF00ED738F /* EnvironmentObjectView.swift */ = {isa = PBXFileReference; lastKnownFileType = sourcecode.swift; path = EnvironmentObjectView.swift; sourceTree = "<group>"; };
		7BB2737B277AA45600ED738F /* TabItemView.swift */ = {isa = PBXFileReference; lastKnownFileType = sourcecode.swift; path = TabItemView.swift; sourceTree = "<group>"; };
		7BB2A94E2782997D005C0BAB /* ResultTypeView.swift */ = {isa = PBXFileReference; lastKnownFileType = sourcecode.swift; path = ResultTypeView.swift; sourceTree = "<group>"; };
		7BB2A95027829FF9005C0BAB /* SwipeActionsView.swift */ = {isa = PBXFileReference; lastKnownFileType = sourcecode.swift; path = SwipeActionsView.swift; sourceTree = "<group>"; };
		7BB99DB9277D445D00DA02A5 /* ContextMenuView.swift */ = {isa = PBXFileReference; lastKnownFileType = sourcecode.swift; path = ContextMenuView.swift; sourceTree = "<group>"; };
		7BB99DBB277D45EC00DA02A5 /* NotifView.swift */ = {isa = PBXFileReference; lastKnownFileType = sourcecode.swift; path = NotifView.swift; sourceTree = "<group>"; };
		7BB99DC0277D4C0F00DA02A5 /* SPMView.swift */ = {isa = PBXFileReference; lastKnownFileType = sourcecode.swift; path = SPMView.swift; sourceTree = "<group>"; };
		7BB99DC2277D4D5200DA02A5 /* ProspectsView.swift */ = {isa = PBXFileReference; lastKnownFileType = sourcecode.swift; path = ProspectsView.swift; sourceTree = "<group>"; };
		7BB99DC4277D4D5D00DA02A5 /* MeView.swift */ = {isa = PBXFileReference; lastKnownFileType = sourcecode.swift; path = MeView.swift; sourceTree = "<group>"; };
		7BB99DC6277D506800DA02A5 /* Prospect.swift */ = {isa = PBXFileReference; lastKnownFileType = sourcecode.swift; path = Prospect.swift; sourceTree = "<group>"; };
		7BC3DF1C27868C7B004E42D7 /* ImageSaver.swift */ = {isa = PBXFileReference; fileEncoding = 4; lastKnownFileType = sourcecode.swift; path = ImageSaver.swift; sourceTree = "<group>"; };
/* End PBXFileReference section */

/* Begin PBXFrameworksBuildPhase section */
		7B9BFF162775638E00EA9731 /* Frameworks */ = {
			isa = PBXFrameworksBuildPhase;
			buildActionMask = 2147483647;
			files = (
				7BB99DCB277D5C7D00DA02A5 /* CodeScanner in Frameworks */,
				7BB99DBF277D4BD600DA02A5 /* SamplePackage in Frameworks */,
			);
			runOnlyForDeploymentPostprocessing = 0;
		};
/* End PBXFrameworksBuildPhase section */

/* Begin PBXGroup section */
		7B9BFF102775638E00EA9731 = {
			isa = PBXGroup;
			children = (
				7B9BFF1B2775638E00EA9731 /* HotProspects */,
				7B9BFF1A2775638E00EA9731 /* Products */,
			);
			sourceTree = "<group>";
		};
		7B9BFF1A2775638E00EA9731 /* Products */ = {
			isa = PBXGroup;
			children = (
				7B9BFF192775638E00EA9731 /* HotProspects.app */,
			);
			name = Products;
			sourceTree = "<group>";
		};
		7B9BFF1B2775638E00EA9731 /* HotProspects */ = {
			isa = PBXGroup;
			children = (
				7B9BFF1C2775638E00EA9731 /* HotProspectsApp.swift */,
				7BB27377277AA1AE00ED738F /* Lecons */,
				7BB99DC8277D506D00DA02A5 /* Model */,
				7BB2737A277AA1DC00ED738F /* Views */,
				7B9BFF202775638F00EA9731 /* Assets.xcassets */,
				7B9BFF222775638F00EA9731 /* Preview Content */,
			);
			path = HotProspects;
			sourceTree = "<group>";
		};
		7B9BFF222775638F00EA9731 /* Preview Content */ = {
			isa = PBXGroup;
			children = (
				7B9BFF232775638F00EA9731 /* Preview Assets.xcassets */,
			);
			path = "Preview Content";
			sourceTree = "<group>";
		};
		7BB27377277AA1AE00ED738F /* Lecons */ = {
			isa = PBXGroup;
			children = (
				7BB27378277AA1BF00ED738F /* EnvironmentObjectView.swift */,
				7BB2737B277AA45600ED738F /* TabItemView.swift */,
				7B97709A277C35F5005DD088 /* PublishingObservableChanges.swift */,
				7BB2A94E2782997D005C0BAB /* ResultTypeView.swift */,
				7BB99DBB277D45EC00DA02A5 /* NotifView.swift */,
				7B97709C277C3DFD005DD088 /* ImageInterpolationView.swift */,
				7BB99DB9277D445D00DA02A5 /* ContextMenuView.swift */,
				7BB2A95027829FF9005C0BAB /* SwipeActionsView.swift */,
				7BB99DC0277D4C0F00DA02A5 /* SPMView.swift */,
			);
			path = Lecons;
			sourceTree = "<group>";
		};
		7BB2737A277AA1DC00ED738F /* Views */ = {
			isa = PBXGroup;
			children = (
				7B9BFF1E2775638E00EA9731 /* ContentView.swift */,
				7BB99DC2277D4D5200DA02A5 /* ProspectsView.swift */,
				7BB99DC4277D4D5D00DA02A5 /* MeView.swift */,
			);
			path = Views;
			sourceTree = "<group>";
		};
		7BB99DC8277D506D00DA02A5 /* Model */ = {
			isa = PBXGroup;
			children = (
				7BC3DF1C27868C7B004E42D7 /* ImageSaver.swift */,
				7BB99DC6277D506800DA02A5 /* Prospect.swift */,
			);
			path = Model;
			sourceTree = "<group>";
		};
/* End PBXGroup section */

/* Begin PBXNativeTarget section */
		7B9BFF182775638E00EA9731 /* HotProspects */ = {
			isa = PBXNativeTarget;
			buildConfigurationList = 7B9BFF272775638F00EA9731 /* Build configuration list for PBXNativeTarget "HotProspects" */;
			buildPhases = (
				7B9BFF152775638E00EA9731 /* Sources */,
				7B9BFF162775638E00EA9731 /* Frameworks */,
				7B9BFF172775638E00EA9731 /* Resources */,
			);
			buildRules = (
			);
			dependencies = (
			);
			name = HotProspects;
			packageProductDependencies = (
				7BB99DBE277D4BD600DA02A5 /* SamplePackage */,
				7BB99DCA277D5C7D00DA02A5 /* CodeScanner */,
			);
			productName = HotProspects;
			productReference = 7B9BFF192775638E00EA9731 /* HotProspects.app */;
			productType = "com.apple.product-type.application";
		};
/* End PBXNativeTarget section */

/* Begin PBXProject section */
		7B9BFF112775638E00EA9731 /* Project object */ = {
			isa = PBXProject;
			attributes = {
				BuildIndependentTargetsInParallel = 1;
				LastSwiftUpdateCheck = 1320;
				LastUpgradeCheck = 1320;
				TargetAttributes = {
					7B9BFF182775638E00EA9731 = {
						CreatedOnToolsVersion = 13.2.1;
					};
				};
			};
			buildConfigurationList = 7B9BFF142775638E00EA9731 /* Build configuration list for PBXProject "HotProspects" */;
			compatibilityVersion = "Xcode 13.0";
			developmentRegion = en;
			hasScannedForEncodings = 0;
			knownRegions = (
				en,
				Base,
			);
			mainGroup = 7B9BFF102775638E00EA9731;
			packageReferences = (
				7BB99DBD277D4BD600DA02A5 /* XCRemoteSwiftPackageReference "SamplePackage" */,
				7BB99DC9277D5C7D00DA02A5 /* XCRemoteSwiftPackageReference "CodeScanner" */,
			);
			productRefGroup = 7B9BFF1A2775638E00EA9731 /* Products */;
			projectDirPath = "";
			projectRoot = "";
			targets = (
				7B9BFF182775638E00EA9731 /* HotProspects */,
			);
		};
/* End PBXProject section */

/* Begin PBXResourcesBuildPhase section */
		7B9BFF172775638E00EA9731 /* Resources */ = {
			isa = PBXResourcesBuildPhase;
			buildActionMask = 2147483647;
			files = (
				7B9BFF242775638F00EA9731 /* Preview Assets.xcassets in Resources */,
				7B9BFF212775638F00EA9731 /* Assets.xcassets in Resources */,
			);
			runOnlyForDeploymentPostprocessing = 0;
		};
/* End PBXResourcesBuildPhase section */

/* Begin PBXSourcesBuildPhase section */
		7B9BFF152775638E00EA9731 /* Sources */ = {
			isa = PBXSourcesBuildPhase;
			buildActionMask = 2147483647;
			files = (
				7B97709B277C35F6005DD088 /* PublishingObservableChanges.swift in Sources */,
				7BB99DC7277D506800DA02A5 /* Prospect.swift in Sources */,
				7B9BFF1F2775638E00EA9731 /* ContentView.swift in Sources */,
				7BB99DC3277D4D5200DA02A5 /* ProspectsView.swift in Sources */,
				7B9BFF1D2775638E00EA9731 /* HotProspectsApp.swift in Sources */,
				7B97709D277C3DFD005DD088 /* ImageInterpolationView.swift in Sources */,
				7BB2737C277AA45600ED738F /* TabItemView.swift in Sources */,
				7BC3DF1D27868C7B004E42D7 /* ImageSaver.swift in Sources */,
				7BB2A94F2782997D005C0BAB /* ResultTypeView.swift in Sources */,
				7BB99DC1277D4C0F00DA02A5 /* SPMView.swift in Sources */,
				7BB2A95127829FF9005C0BAB /* SwipeActionsView.swift in Sources */,
				7BB99DBC277D45EC00DA02A5 /* NotifView.swift in Sources */,
				7BB27379277AA1BF00ED738F /* EnvironmentObjectView.swift in Sources */,
				7BB99DC5277D4D5D00DA02A5 /* MeView.swift in Sources */,
				7BB99DBA277D445D00DA02A5 /* ContextMenuView.swift in Sources */,
			);
			runOnlyForDeploymentPostprocessing = 0;
		};
/* End PBXSourcesBuildPhase section */

/* Begin XCBuildConfiguration section */
		7B9BFF252775638F00EA9731 /* Debug */ = {
			isa = XCBuildConfiguration;
			buildSettings = {
				ALWAYS_SEARCH_USER_PATHS = NO;
				CLANG_ANALYZER_NONNULL = YES;
				CLANG_ANALYZER_NUMBER_OBJECT_CONVERSION = YES_AGGRESSIVE;
				CLANG_CXX_LANGUAGE_STANDARD = "gnu++17";
				CLANG_CXX_LIBRARY = "libc++";
				CLANG_ENABLE_MODULES = YES;
				CLANG_ENABLE_OBJC_ARC = YES;
				CLANG_ENABLE_OBJC_WEAK = YES;
				CLANG_WARN_BLOCK_CAPTURE_AUTORELEASING = YES;
				CLANG_WARN_BOOL_CONVERSION = YES;
				CLANG_WARN_COMMA = YES;
				CLANG_WARN_CONSTANT_CONVERSION = YES;
				CLANG_WARN_DEPRECATED_OBJC_IMPLEMENTATIONS = YES;
				CLANG_WARN_DIRECT_OBJC_ISA_USAGE = YES_ERROR;
				CLANG_WARN_DOCUMENTATION_COMMENTS = YES;
				CLANG_WARN_EMPTY_BODY = YES;
				CLANG_WARN_ENUM_CONVERSION = YES;
				CLANG_WARN_INFINITE_RECURSION = YES;
				CLANG_WARN_INT_CONVERSION = YES;
				CLANG_WARN_NON_LITERAL_NULL_CONVERSION = YES;
				CLANG_WARN_OBJC_IMPLICIT_RETAIN_SELF = YES;
				CLANG_WARN_OBJC_LITERAL_CONVERSION = YES;
				CLANG_WARN_OBJC_ROOT_CLASS = YES_ERROR;
				CLANG_WARN_QUOTED_INCLUDE_IN_FRAMEWORK_HEADER = YES;
				CLANG_WARN_RANGE_LOOP_ANALYSIS = YES;
				CLANG_WARN_STRICT_PROTOTYPES = YES;
				CLANG_WARN_SUSPICIOUS_MOVE = YES;
				CLANG_WARN_UNGUARDED_AVAILABILITY = YES_AGGRESSIVE;
				CLANG_WARN_UNREACHABLE_CODE = YES;
				CLANG_WARN__DUPLICATE_METHOD_MATCH = YES;
				COPY_PHASE_STRIP = NO;
				DEBUG_INFORMATION_FORMAT = dwarf;
				ENABLE_STRICT_OBJC_MSGSEND = YES;
				ENABLE_TESTABILITY = YES;
				GCC_C_LANGUAGE_STANDARD = gnu11;
				GCC_DYNAMIC_NO_PIC = NO;
				GCC_NO_COMMON_BLOCKS = YES;
				GCC_OPTIMIZATION_LEVEL = 0;
				GCC_PREPROCESSOR_DEFINITIONS = (
					"DEBUG=1",
					"$(inherited)",
				);
				GCC_WARN_64_TO_32_BIT_CONVERSION = YES;
				GCC_WARN_ABOUT_RETURN_TYPE = YES_ERROR;
				GCC_WARN_UNDECLARED_SELECTOR = YES;
				GCC_WARN_UNINITIALIZED_AUTOS = YES_AGGRESSIVE;
				GCC_WARN_UNUSED_FUNCTION = YES;
				GCC_WARN_UNUSED_VARIABLE = YES;
				IPHONEOS_DEPLOYMENT_TARGET = 15.2;
				MTL_ENABLE_DEBUG_INFO = INCLUDE_SOURCE;
				MTL_FAST_MATH = YES;
				ONLY_ACTIVE_ARCH = YES;
				SDKROOT = iphoneos;
				SWIFT_ACTIVE_COMPILATION_CONDITIONS = DEBUG;
				SWIFT_OPTIMIZATION_LEVEL = "-Onone";
			};
			name = Debug;
		};
		7B9BFF262775638F00EA9731 /* Release */ = {
			isa = XCBuildConfiguration;
			buildSettings = {
				ALWAYS_SEARCH_USER_PATHS = NO;
				CLANG_ANALYZER_NONNULL = YES;
				CLANG_ANALYZER_NUMBER_OBJECT_CONVERSION = YES_AGGRESSIVE;
				CLANG_CXX_LANGUAGE_STANDARD = "gnu++17";
				CLANG_CXX_LIBRARY = "libc++";
				CLANG_ENABLE_MODULES = YES;
				CLANG_ENABLE_OBJC_ARC = YES;
				CLANG_ENABLE_OBJC_WEAK = YES;
				CLANG_WARN_BLOCK_CAPTURE_AUTORELEASING = YES;
				CLANG_WARN_BOOL_CONVERSION = YES;
				CLANG_WARN_COMMA = YES;
				CLANG_WARN_CONSTANT_CONVERSION = YES;
				CLANG_WARN_DEPRECATED_OBJC_IMPLEMENTATIONS = YES;
				CLANG_WARN_DIRECT_OBJC_ISA_USAGE = YES_ERROR;
				CLANG_WARN_DOCUMENTATION_COMMENTS = YES;
				CLANG_WARN_EMPTY_BODY = YES;
				CLANG_WARN_ENUM_CONVERSION = YES;
				CLANG_WARN_INFINITE_RECURSION = YES;
				CLANG_WARN_INT_CONVERSION = YES;
				CLANG_WARN_NON_LITERAL_NULL_CONVERSION = YES;
				CLANG_WARN_OBJC_IMPLICIT_RETAIN_SELF = YES;
				CLANG_WARN_OBJC_LITERAL_CONVERSION = YES;
				CLANG_WARN_OBJC_ROOT_CLASS = YES_ERROR;
				CLANG_WARN_QUOTED_INCLUDE_IN_FRAMEWORK_HEADER = YES;
				CLANG_WARN_RANGE_LOOP_ANALYSIS = YES;
				CLANG_WARN_STRICT_PROTOTYPES = YES;
				CLANG_WARN_SUSPICIOUS_MOVE = YES;
				CLANG_WARN_UNGUARDED_AVAILABILITY = YES_AGGRESSIVE;
				CLANG_WARN_UNREACHABLE_CODE = YES;
				CLANG_WARN__DUPLICATE_METHOD_MATCH = YES;
				COPY_PHASE_STRIP = NO;
				DEBUG_INFORMATION_FORMAT = "dwarf-with-dsym";
				ENABLE_NS_ASSERTIONS = NO;
				ENABLE_STRICT_OBJC_MSGSEND = YES;
				GCC_C_LANGUAGE_STANDARD = gnu11;
				GCC_NO_COMMON_BLOCKS = YES;
				GCC_WARN_64_TO_32_BIT_CONVERSION = YES;
				GCC_WARN_ABOUT_RETURN_TYPE = YES_ERROR;
				GCC_WARN_UNDECLARED_SELECTOR = YES;
				GCC_WARN_UNINITIALIZED_AUTOS = YES_AGGRESSIVE;
				GCC_WARN_UNUSED_FUNCTION = YES;
				GCC_WARN_UNUSED_VARIABLE = YES;
				IPHONEOS_DEPLOYMENT_TARGET = 15.2;
				MTL_ENABLE_DEBUG_INFO = NO;
				MTL_FAST_MATH = YES;
				SDKROOT = iphoneos;
				SWIFT_COMPILATION_MODE = wholemodule;
				SWIFT_OPTIMIZATION_LEVEL = "-O";
				VALIDATE_PRODUCT = YES;
			};
			name = Release;
		};
		7B9BFF282775638F00EA9731 /* Debug */ = {
			isa = XCBuildConfiguration;
			buildSettings = {
				ASSETCATALOG_COMPILER_APPICON_NAME = AppIcon;
				ASSETCATALOG_COMPILER_GLOBAL_ACCENT_COLOR_NAME = AccentColor;
				CODE_SIGN_STYLE = Automatic;
				CURRENT_PROJECT_VERSION = 1;
				DEVELOPMENT_ASSET_PATHS = "\"HotProspects/Preview Content\"";
				DEVELOPMENT_TEAM = 5K8DY798Z4;
				ENABLE_PREVIEWS = YES;
				GENERATE_INFOPLIST_FILE = YES;
				INFOPLIST_KEY_NSCameraUsageDescription = "We need to scan QRCodes.";
				INFOPLIST_KEY_NSPhotoLibraryAddUsageDescription = "We want to save your qr code";
				INFOPLIST_KEY_UIApplicationSceneManifest_Generation = YES;
				INFOPLIST_KEY_UIApplicationSupportsIndirectInputEvents = YES;
				INFOPLIST_KEY_UILaunchScreen_Generation = YES;
				INFOPLIST_KEY_UISupportedInterfaceOrientations_iPad = "UIInterfaceOrientationPortrait UIInterfaceOrientationPortraitUpsideDown UIInterfaceOrientationLandscapeLeft UIInterfaceOrientationLandscapeRight";
				INFOPLIST_KEY_UISupportedInterfaceOrientations_iPhone = "UIInterfaceOrientationPortrait UIInterfaceOrientationLandscapeLeft UIInterfaceOrientationLandscapeRight";
				LD_RUNPATH_SEARCH_PATHS = (
					"$(inherited)",
					"@executable_path/Frameworks",
				);
				MARKETING_VERSION = 1.0;
				PRODUCT_BUNDLE_IDENTIFIER = com.JonathanGaffe.HotProspects;
				PRODUCT_NAME = "$(TARGET_NAME)";
				SWIFT_EMIT_LOC_STRINGS = YES;
				SWIFT_VERSION = 5.0;
				TARGETED_DEVICE_FAMILY = "1,2";
			};
			name = Debug;
		};
		7B9BFF292775638F00EA9731 /* Release */ = {
			isa = XCBuildConfiguration;
			buildSettings = {
				ASSETCATALOG_COMPILER_APPICON_NAME = AppIcon;
				ASSETCATALOG_COMPILER_GLOBAL_ACCENT_COLOR_NAME = AccentColor;
				CODE_SIGN_STYLE = Automatic;
				CURRENT_PROJECT_VERSION = 1;
				DEVELOPMENT_ASSET_PATHS = "\"HotProspects/Preview Content\"";
				DEVELOPMENT_TEAM = 5K8DY798Z4;
				ENABLE_PREVIEWS = YES;
				GENERATE_INFOPLIST_FILE = YES;
				INFOPLIST_KEY_NSCameraUsageDescription = "We need to scan QRCodes.";
				INFOPLIST_KEY_NSPhotoLibraryAddUsageDescription = "We want to save your qr code";
				INFOPLIST_KEY_UIApplicationSceneManifest_Generation = YES;
				INFOPLIST_KEY_UIApplicationSupportsIndirectInputEvents = YES;
				INFOPLIST_KEY_UILaunchScreen_Generation = YES;
				INFOPLIST_KEY_UISupportedInterfaceOrientations_iPad = "UIInterfaceOrientationPortrait UIInterfaceOrientationPortraitUpsideDown UIInterfaceOrientationLandscapeLeft UIInterfaceOrientationLandscapeRight";
				INFOPLIST_KEY_UISupportedInterfaceOrientations_iPhone = "UIInterfaceOrientationPortrait UIInterfaceOrientationLandscapeLeft UIInterfaceOrientationLandscapeRight";
				LD_RUNPATH_SEARCH_PATHS = (
					"$(inherited)",
					"@executable_path/Frameworks",
				);
				MARKETING_VERSION = 1.0;
				PRODUCT_BUNDLE_IDENTIFIER = com.JonathanGaffe.HotProspects;
				PRODUCT_NAME = "$(TARGET_NAME)";
				SWIFT_EMIT_LOC_STRINGS = YES;
				SWIFT_VERSION = 5.0;
				TARGETED_DEVICE_FAMILY = "1,2";
			};
			name = Release;
		};
/* End XCBuildConfiguration section */

/* Begin XCConfigurationList section */
		7B9BFF142775638E00EA9731 /* Build configuration list for PBXProject "HotProspects" */ = {
			isa = XCConfigurationList;
			buildConfigurations = (
				7B9BFF252775638F00EA9731 /* Debug */,
				7B9BFF262775638F00EA9731 /* Release */,
			);
			defaultConfigurationIsVisible = 0;
			defaultConfigurationName = Release;
		};
		7B9BFF272775638F00EA9731 /* Build configuration list for PBXNativeTarget "HotProspects" */ = {
			isa = XCConfigurationList;
			buildConfigurations = (
				7B9BFF282775638F00EA9731 /* Debug */,
				7B9BFF292775638F00EA9731 /* Release */,
			);
			defaultConfigurationIsVisible = 0;
			defaultConfigurationName = Release;
		};
/* End XCConfigurationList section */

/* Begin XCRemoteSwiftPackageReference section */
		7BB99DBD277D4BD600DA02A5 /* XCRemoteSwiftPackageReference "SamplePackage" */ = {
			isa = XCRemoteSwiftPackageReference;
			repositoryURL = "https://github.com/twostraws/SamplePackage";
			requirement = {
				kind = upToNextMajorVersion;
				minimumVersion = 1.0.0;
			};
		};
		7BB99DC9277D5C7D00DA02A5 /* XCRemoteSwiftPackageReference "CodeScanner" */ = {
			isa = XCRemoteSwiftPackageReference;
			repositoryURL = "https://github.com/twostraws/CodeScanner.git";
			requirement = {
				kind = upToNextMajorVersion;
				minimumVersion = 2.0.0;
			};
		};
/* End XCRemoteSwiftPackageReference section */

/* Begin XCSwiftPackageProductDependency section */
		7BB99DBE277D4BD600DA02A5 /* SamplePackage */ = {
			isa = XCSwiftPackageProductDependency;
			package = 7BB99DBD277D4BD600DA02A5 /* XCRemoteSwiftPackageReference "SamplePackage" */;
			productName = SamplePackage;
		};
		7BB99DCA277D5C7D00DA02A5 /* CodeScanner */ = {
			isa = XCSwiftPackageProductDependency;
			package = 7BB99DC9277D5C7D00DA02A5 /* XCRemoteSwiftPackageReference "CodeScanner" */;
			productName = CodeScanner;
		};
/* End XCSwiftPackageProductDependency section */
	};
	rootObject = 7B9BFF112775638E00EA9731 /* Project object */;
}
